PODS:
  - BrainCore (0.3.2):
    - Upsurge (~> 0.7)
  - HDF5Kit (0.1.3)
  - Upsurge (0.7.2)

DEPENDENCIES:
  - BrainCore (~> 0.3)
  - HDF5Kit (~> 0.1)

SPEC CHECKSUMS:
  BrainCore: bfe6e7ca12f4a2bea90fe8c6210c6f7274c814f3
  HDF5Kit: cbe31dce26fa36a64b133f712e1bedadd738f46c
  Upsurge: 17bcd84efa1f494e0b8a70c03122c199cdf7c9e8

PODFILE CHECKSUM: 304287f53660bb872e6b78451455edcb8ce5df46

COCOAPODS: 1.0.1
