// !$*UTF8*$!
{
	archiveVersion = 1;
	classes = {
	};
	objectVersion = 46;
	objects = {

/* Begin PBXBuildFile section */
		6B60370AD98312FAB15D7AD9 /* Pods_InfiniteMonkeys.framework in Frameworks */ = {isa = PBXBuildFile; fileRef = 6B50FFE2EA4F8CB40C8C23B9 /* Pods_InfiniteMonkeys.framework */; };
		6D014FC91D3134ED00425449 /* AppDelegate.swift in Sources */ = {isa = PBXBuildFile; fileRef = 6D014FC81D3134ED00425449 /* AppDelegate.swift */; };
		6D014FCB1D3134ED00425449 /* ViewController.swift in Sources */ = {isa = PBXBuildFile; fileRef = 6D014FCA1D3134ED00425449 /* ViewController.swift */; };
		6D014FCE1D3134ED00425449 /* Main.storyboard in Resources */ = {isa = PBXBuildFile; fileRef = 6D014FCC1D3134ED00425449 /* Main.storyboard */; };
		6D014FD01D3134ED00425449 /* Assets.xcassets in Resources */ = {isa = PBXBuildFile; fileRef = 6D014FCF1D3134ED00425449 /* Assets.xcassets */; };
		6D014FD31D3134ED00425449 /* LaunchScreen.storyboard in Resources */ = {isa = PBXBuildFile; fileRef = 6D014FD11D3134ED00425449 /* LaunchScreen.storyboard */; };
		6D014FD91D31359200425449 /* Poet.swift in Sources */ = {isa = PBXBuildFile; fileRef = 6D014FD81D31359200425449 /* Poet.swift */; };
		6D014FDA1D31359200425449 /* Poet.swift in Sources */ = {isa = PBXBuildFile; fileRef = 6D014FD81D31359200425449 /* Poet.swift */; };
		6D014FDC1D31388D00425449 /* lstm_text_generation_weights.h5 in Resources */ = {isa = PBXBuildFile; fileRef = 6D014FDB1D31388D00425449 /* lstm_text_generation_weights.h5 */; };
		6D014FDD1D31388D00425449 /* lstm_text_generation_weights.h5 in Resources */ = {isa = PBXBuildFile; fileRef = 6D014FDB1D31388D00425449 /* lstm_text_generation_weights.h5 */; };
		6DFCB3D51D26974A00FC5458 /* AppDelegate.swift in Sources */ = {isa = PBXBuildFile; fileRef = 6DFCB3D41D26974A00FC5458 /* AppDelegate.swift */; };
		6DFCB3D71D26974A00FC5458 /* ViewController.swift in Sources */ = {isa = PBXBuildFile; fileRef = 6DFCB3D61D26974A00FC5458 /* ViewController.swift */; };
		6DFCB3D91D26974A00FC5458 /* Assets.xcassets in Resources */ = {isa = PBXBuildFile; fileRef = 6DFCB3D81D26974A00FC5458 /* Assets.xcassets */; };
		6DFCB3DC1D26974A00FC5458 /* Main.storyboard in Resources */ = {isa = PBXBuildFile; fileRef = 6DFCB3DA1D26974A00FC5458 /* Main.storyboard */; };
		A9F9A6981D31DD200055D307 /* NetworkBuilder.swift in Sources */ = {isa = PBXBuildFile; fileRef = A9F9A6971D31DD200055D307 /* NetworkBuilder.swift */; };
		A9F9A6991D31DD200055D307 /* NetworkBuilder.swift in Sources */ = {isa = PBXBuildFile; fileRef = A9F9A6971D31DD200055D307 /* NetworkBuilder.swift */; };
		EC718C939E75FC7311D52765 /* Pods_InfiniteMonkeysApp.framework in Frameworks */ = {isa = PBXBuildFile; fileRef = 384C20C3F10A0CBF708F4D46 /* Pods_InfiniteMonkeysApp.framework */; };
/* End PBXBuildFile section */

/* Begin PBXCopyFilesBuildPhase section */
		6DFCB3EC1D26976C00FC5458 /* Embed Frameworks */ = {
			isa = PBXCopyFilesBuildPhase;
			buildActionMask = 2147483647;
			dstPath = "";
			dstSubfolderSpec = 10;
			files = (
			);
			name = "Embed Frameworks";
			runOnlyForDeploymentPostprocessing = 0;
		};
/* End PBXCopyFilesBuildPhase section */

/* Begin PBXFileReference section */
		384C20C3F10A0CBF708F4D46 /* Pods_InfiniteMonkeysApp.framework */ = {isa = PBXFileReference; explicitFileType = wrapper.framework; includeInIndex = 0; path = Pods_InfiniteMonkeysApp.framework; sourceTree = BUILT_PRODUCTS_DIR; };
		55B5FB370C546970D94E5F35 /* Pods-InfiniteMonkeys.debug.xcconfig */ = {isa = PBXFileReference; includeInIndex = 1; lastKnownFileType = text.xcconfig; name = "Pods-InfiniteMonkeys.debug.xcconfig"; path = "Pods/Target Support Files/Pods-InfiniteMonkeys/Pods-InfiniteMonkeys.debug.xcconfig"; sourceTree = "<group>"; };
		6B50FFE2EA4F8CB40C8C23B9 /* Pods_InfiniteMonkeys.framework */ = {isa = PBXFileReference; explicitFileType = wrapper.framework; includeInIndex = 0; path = Pods_InfiniteMonkeys.framework; sourceTree = BUILT_PRODUCTS_DIR; };
		6D014FC01D31314300425449 /* Podfile */ = {isa = PBXFileReference; fileEncoding = 4; lastKnownFileType = text; path = Podfile; sourceTree = "<group>"; xcLanguageSpecificationIdentifier = xcode.lang.ruby; };
		6D014FC61D3134ED00425449 /* InfiniteMonkeysApp.app */ = {isa = PBXFileReference; explicitFileType = wrapper.application; includeInIndex = 0; path = InfiniteMonkeysApp.app; sourceTree = BUILT_PRODUCTS_DIR; };
		6D014FC81D3134ED00425449 /* AppDelegate.swift */ = {isa = PBXFileReference; lastKnownFileType = sourcecode.swift; path = AppDelegate.swift; sourceTree = "<group>"; };
		6D014FCA1D3134ED00425449 /* ViewController.swift */ = {isa = PBXFileReference; lastKnownFileType = sourcecode.swift; path = ViewController.swift; sourceTree = "<group>"; };
		6D014FCD1D3134ED00425449 /* Base */ = {isa = PBXFileReference; lastKnownFileType = file.storyboard; name = Base; path = Base.lproj/Main.storyboard; sourceTree = "<group>"; };
		6D014FCF1D3134ED00425449 /* Assets.xcassets */ = {isa = PBXFileReference; lastKnownFileType = folder.assetcatalog; path = Assets.xcassets; sourceTree = "<group>"; };
		6D014FD21D3134ED00425449 /* Base */ = {isa = PBXFileReference; lastKnownFileType = file.storyboard; name = Base; path = Base.lproj/LaunchScreen.storyboard; sourceTree = "<group>"; };
		6D014FD41D3134ED00425449 /* Info.plist */ = {isa = PBXFileReference; lastKnownFileType = text.plist.xml; path = Info.plist; sourceTree = "<group>"; };
		6D014FD81D31359200425449 /* Poet.swift */ = {isa = PBXFileReference; fileEncoding = 4; lastKnownFileType = sourcecode.swift; path = Poet.swift; sourceTree = "<group>"; };
		6D014FDB1D31388D00425449 /* lstm_text_generation_weights.h5 */ = {isa = PBXFileReference; lastKnownFileType = file; path = lstm_text_generation_weights.h5; sourceTree = "<group>"; };
		6DFCB3D11D26974A00FC5458 /* InfiniteMonkeys.app */ = {isa = PBXFileReference; explicitFileType = wrapper.application; includeInIndex = 0; path = InfiniteMonkeys.app; sourceTree = BUILT_PRODUCTS_DIR; };
		6DFCB3D41D26974A00FC5458 /* AppDelegate.swift */ = {isa = PBXFileReference; lastKnownFileType = sourcecode.swift; path = AppDelegate.swift; sourceTree = "<group>"; };
		6DFCB3D61D26974A00FC5458 /* ViewController.swift */ = {isa = PBXFileReference; lastKnownFileType = sourcecode.swift; path = ViewController.swift; sourceTree = "<group>"; };
		6DFCB3D81D26974A00FC5458 /* Assets.xcassets */ = {isa = PBXFileReference; lastKnownFileType = folder.assetcatalog; path = Assets.xcassets; sourceTree = "<group>"; };
		6DFCB3DB1D26974A00FC5458 /* Base */ = {isa = PBXFileReference; lastKnownFileType = file.storyboard; name = Base; path = Base.lproj/Main.storyboard; sourceTree = "<group>"; };
		6DFCB3DD1D26974A00FC5458 /* Info.plist */ = {isa = PBXFileReference; lastKnownFileType = text.plist.xml; path = Info.plist; sourceTree = "<group>"; };
		A9F9A6971D31DD200055D307 /* NetworkBuilder.swift */ = {isa = PBXFileReference; fileEncoding = 4; lastKnownFileType = sourcecode.swift; path = NetworkBuilder.swift; sourceTree = "<group>"; };
		D617FBF0F88CB3383903B13F /* Pods-InfiniteMonkeysApp.release.xcconfig */ = {isa = PBXFileReference; includeInIndex = 1; lastKnownFileType = text.xcconfig; name = "Pods-InfiniteMonkeysApp.release.xcconfig"; path = "Pods/Target Support Files/Pods-InfiniteMonkeysApp/Pods-InfiniteMonkeysApp.release.xcconfig"; sourceTree = "<group>"; };
		DFCE90F2E19BF17F9C6BA8BA /* Pods-InfiniteMonkeys.release.xcconfig */ = {isa = PBXFileReference; includeInIndex = 1; lastKnownFileType = text.xcconfig; name = "Pods-InfiniteMonkeys.release.xcconfig"; path = "Pods/Target Support Files/Pods-InfiniteMonkeys/Pods-InfiniteMonkeys.release.xcconfig"; sourceTree = "<group>"; };
		F2CC46AD50193815333D0D4B /* Pods-InfiniteMonkeysApp.debug.xcconfig */ = {isa = PBXFileReference; includeInIndex = 1; lastKnownFileType = text.xcconfig; name = "Pods-InfiniteMonkeysApp.debug.xcconfig"; path = "Pods/Target Support Files/Pods-InfiniteMonkeysApp/Pods-InfiniteMonkeysApp.debug.xcconfig"; sourceTree = "<group>"; };
/* End PBXFileReference section */

/* Begin PBXFrameworksBuildPhase section */
		6D014FC31D3134ED00425449 /* Frameworks */ = {
			isa = PBXFrameworksBuildPhase;
			buildActionMask = 2147483647;
			files = (
				EC718C939E75FC7311D52765 /* Pods_InfiniteMonkeysApp.framework in Frameworks */,
			);
			runOnlyForDeploymentPostprocessing = 0;
		};
		6DFCB3CE1D26974A00FC5458 /* Frameworks */ = {
			isa = PBXFrameworksBuildPhase;
			buildActionMask = 2147483647;
			files = (
				6B60370AD98312FAB15D7AD9 /* Pods_InfiniteMonkeys.framework in Frameworks */,
			);
			runOnlyForDeploymentPostprocessing = 0;
		};
/* End PBXFrameworksBuildPhase section */

/* Begin PBXGroup section */
		36FC2DD2EAE0A0FA15D27D65 /* Pods */ = {
			isa = PBXGroup;
			children = (
				55B5FB370C546970D94E5F35 /* Pods-InfiniteMonkeys.debug.xcconfig */,
				DFCE90F2E19BF17F9C6BA8BA /* Pods-InfiniteMonkeys.release.xcconfig */,
				F2CC46AD50193815333D0D4B /* Pods-InfiniteMonkeysApp.debug.xcconfig */,
				D617FBF0F88CB3383903B13F /* Pods-InfiniteMonkeysApp.release.xcconfig */,
			);
			name = Pods;
			sourceTree = "<group>";
		};
		6D014FC71D3134ED00425449 /* InfiniteMonkeysApp */ = {
			isa = PBXGroup;
			children = (
				6D014FC81D3134ED00425449 /* AppDelegate.swift */,
				6D014FCA1D3134ED00425449 /* ViewController.swift */,
				6D014FCC1D3134ED00425449 /* Main.storyboard */,
				6D014FCF1D3134ED00425449 /* Assets.xcassets */,
				6D014FD11D3134ED00425449 /* LaunchScreen.storyboard */,
				6D014FD41D3134ED00425449 /* Info.plist */,
			);
			path = InfiniteMonkeysApp;
			sourceTree = "<group>";
		};
		6DFCB3C81D26974A00FC5458 = {
			isa = PBXGroup;
			children = (
				6D014FC01D31314300425449 /* Podfile */,
				6D014FD81D31359200425449 /* Poet.swift */,
				A9F9A6971D31DD200055D307 /* NetworkBuilder.swift */,
				6D014FDB1D31388D00425449 /* lstm_text_generation_weights.h5 */,
				6DFCB3D31D26974A00FC5458 /* InfiniteMonkeys */,
				6D014FC71D3134ED00425449 /* InfiniteMonkeysApp */,
				6DFCB3E31D26976700FC5458 /* Frameworks */,
				6DFCB3D21D26974A00FC5458 /* Products */,
				36FC2DD2EAE0A0FA15D27D65 /* Pods */,
			);
			sourceTree = "<group>";
		};
		6DFCB3D21D26974A00FC5458 /* Products */ = {
			isa = PBXGroup;
			children = (
				6DFCB3D11D26974A00FC5458 /* InfiniteMonkeys.app */,
				6D014FC61D3134ED00425449 /* InfiniteMonkeysApp.app */,
			);
			name = Products;
			sourceTree = "<group>";
		};
		6DFCB3D31D26974A00FC5458 /* InfiniteMonkeys */ = {
			isa = PBXGroup;
			children = (
				6DFCB3D41D26974A00FC5458 /* AppDelegate.swift */,
				6DFCB3D61D26974A00FC5458 /* ViewController.swift */,
				6DFCB3D81D26974A00FC5458 /* Assets.xcassets */,
				6DFCB3DA1D26974A00FC5458 /* Main.storyboard */,
				6DFCB3DD1D26974A00FC5458 /* Info.plist */,
			);
			path = InfiniteMonkeys;
			sourceTree = "<group>";
		};
		6DFCB3E31D26976700FC5458 /* Frameworks */ = {
			isa = PBXGroup;
			children = (
				6B50FFE2EA4F8CB40C8C23B9 /* Pods_InfiniteMonkeys.framework */,
				384C20C3F10A0CBF708F4D46 /* Pods_InfiniteMonkeysApp.framework */,
			);
			path = Frameworks;
			sourceTree = "<group>";
		};
/* End PBXGroup section */

/* Begin PBXNativeTarget section */
		6D014FC51D3134ED00425449 /* InfiniteMonkeysApp */ = {
			isa = PBXNativeTarget;
			buildConfigurationList = 6D014FD51D3134ED00425449 /* Build configuration list for PBXNativeTarget "InfiniteMonkeysApp" */;
			buildPhases = (
				856FADC3A497CDA4C6BDF8B2 /* [CP] Check Pods Manifest.lock */,
				6D014FC21D3134ED00425449 /* Sources */,
				6D014FC31D3134ED00425449 /* Frameworks */,
				6D014FC41D3134ED00425449 /* Resources */,
				5E8930EC6F707509929650AC /* [CP] Embed Pods Frameworks */,
				874882678421568FDB0A023A /* [CP] Copy Pods Resources */,
			);
			buildRules = (
			);
			dependencies = (
			);
			name = InfiniteMonkeysApp;
			productName = InfiniteMonkeysApp;
			productReference = 6D014FC61D3134ED00425449 /* InfiniteMonkeysApp.app */;
			productType = "com.apple.product-type.application";
		};
		6DFCB3D01D26974A00FC5458 /* InfiniteMonkeys */ = {
			isa = PBXNativeTarget;
			buildConfigurationList = 6DFCB3E01D26974A00FC5458 /* Build configuration list for PBXNativeTarget "InfiniteMonkeys" */;
			buildPhases = (
				8FA4DC2D132FA3423604085E /* [CP] Check Pods Manifest.lock */,
				6DFCB3CD1D26974A00FC5458 /* Sources */,
				6DFCB3CE1D26974A00FC5458 /* Frameworks */,
				6DFCB3CF1D26974A00FC5458 /* Resources */,
				6DFCB3EC1D26976C00FC5458 /* Embed Frameworks */,
				0D9220FBE716B54E0BFE3098 /* [CP] Embed Pods Frameworks */,
				35B8CE38F89291BDDBB32473 /* [CP] Copy Pods Resources */,
			);
			buildRules = (
			);
			dependencies = (
			);
			name = InfiniteMonkeys;
			productName = InfiniteMonkeys;
			productReference = 6DFCB3D11D26974A00FC5458 /* InfiniteMonkeys.app */;
			productType = "com.apple.product-type.application";
		};
/* End PBXNativeTarget section */

/* Begin PBXProject section */
		6DFCB3C91D26974A00FC5458 /* Project object */ = {
			isa = PBXProject;
			attributes = {
				LastSwiftUpdateCheck = 0730;
				LastUpgradeCheck = 0730;
				ORGANIZATIONNAME = handform;
				TargetAttributes = {
					6D014FC51D3134ED00425449 = {
						CreatedOnToolsVersion = 7.3.1;
					};
					6DFCB3D01D26974A00FC5458 = {
						CreatedOnToolsVersion = 7.3.1;
					};
				};
			};
			buildConfigurationList = 6DFCB3CC1D26974A00FC5458 /* Build configuration list for PBXProject "InfiniteMonkeys" */;
			compatibilityVersion = "Xcode 3.2";
			developmentRegion = English;
			hasScannedForEncodings = 0;
			knownRegions = (
				en,
				Base,
			);
			mainGroup = 6DFCB3C81D26974A00FC5458;
			productRefGroup = 6DFCB3D21D26974A00FC5458 /* Products */;
			projectDirPath = "";
			projectRoot = "";
			targets = (
				6DFCB3D01D26974A00FC5458 /* InfiniteMonkeys */,
				6D014FC51D3134ED00425449 /* InfiniteMonkeysApp */,
			);
		};
/* End PBXProject section */

/* Begin PBXResourcesBuildPhase section */
		6D014FC41D3134ED00425449 /* Resources */ = {
			isa = PBXResourcesBuildPhase;
			buildActionMask = 2147483647;
			files = (
				6D014FD31D3134ED00425449 /* LaunchScreen.storyboard in Resources */,
				6D014FD01D3134ED00425449 /* Assets.xcassets in Resources */,
				6D014FCE1D3134ED00425449 /* Main.storyboard in Resources */,
				6D014FDD1D31388D00425449 /* lstm_text_generation_weights.h5 in Resources */,
			);
			runOnlyForDeploymentPostprocessing = 0;
		};
		6DFCB3CF1D26974A00FC5458 /* Resources */ = {
			isa = PBXResourcesBuildPhase;
			buildActionMask = 2147483647;
			files = (
				6DFCB3D91D26974A00FC5458 /* Assets.xcassets in Resources */,
				6DFCB3DC1D26974A00FC5458 /* Main.storyboard in Resources */,
				6D014FDC1D31388D00425449 /* lstm_text_generation_weights.h5 in Resources */,
			);
			runOnlyForDeploymentPostprocessing = 0;
		};
/* End PBXResourcesBuildPhase section */

/* Begin PBXShellScriptBuildPhase section */
		0D9220FBE716B54E0BFE3098 /* [CP] Embed Pods Frameworks */ = {
			isa = PBXShellScriptBuildPhase;
			buildActionMask = 2147483647;
			files = (
			);
			inputPaths = (
			);
			name = "[CP] Embed Pods Frameworks";
			outputPaths = (
			);
			runOnlyForDeploymentPostprocessing = 0;
			shellPath = /bin/sh;
			shellScript = "\"${SRCROOT}/Pods/Target Support Files/Pods-InfiniteMonkeys/Pods-InfiniteMonkeys-frameworks.sh\"\n";
			showEnvVarsInLog = 0;
		};
		35B8CE38F89291BDDBB32473 /* [CP] Copy Pods Resources */ = {
			isa = PBXShellScriptBuildPhase;
			buildActionMask = 2147483647;
			files = (
			);
			inputPaths = (
			);
			name = "[CP] Copy Pods Resources";
			outputPaths = (
			);
			runOnlyForDeploymentPostprocessing = 0;
			shellPath = /bin/sh;
			shellScript = "\"${SRCROOT}/Pods/Target Support Files/Pods-InfiniteMonkeys/Pods-InfiniteMonkeys-resources.sh\"\n";
			showEnvVarsInLog = 0;
		};
		5E8930EC6F707509929650AC /* [CP] Embed Pods Frameworks */ = {
			isa = PBXShellScriptBuildPhase;
			buildActionMask = 2147483647;
			files = (
			);
			inputPaths = (
			);
			name = "[CP] Embed Pods Frameworks";
			outputPaths = (
			);
			runOnlyForDeploymentPostprocessing = 0;
			shellPath = /bin/sh;
			shellScript = "\"${SRCROOT}/Pods/Target Support Files/Pods-InfiniteMonkeysApp/Pods-InfiniteMonkeysApp-frameworks.sh\"\n";
			showEnvVarsInLog = 0;
		};
		856FADC3A497CDA4C6BDF8B2 /* [CP] Check Pods Manifest.lock */ = {
			isa = PBXShellScriptBuildPhase;
			buildActionMask = 2147483647;
			files = (
			);
			inputPaths = (
			);
			name = "[CP] Check Pods Manifest.lock";
			outputPaths = (
			);
			runOnlyForDeploymentPostprocessing = 0;
			shellPath = /bin/sh;
			shellScript = "diff \"${PODS_ROOT}/../Podfile.lock\" \"${PODS_ROOT}/Manifest.lock\" > /dev/null\nif [[ $? != 0 ]] ; then\n    cat << EOM\nerror: The sandbox is not in sync with the Podfile.lock. Run 'pod install' or update your CocoaPods installation.\nEOM\n    exit 1\nfi\n";
			showEnvVarsInLog = 0;
		};
		874882678421568FDB0A023A /* [CP] Copy Pods Resources */ = {
			isa = PBXShellScriptBuildPhase;
			buildActionMask = 2147483647;
			files = (
			);
			inputPaths = (
			);
			name = "[CP] Copy Pods Resources";
			outputPaths = (
			);
			runOnlyForDeploymentPostprocessing = 0;
			shellPath = /bin/sh;
			shellScript = "\"${SRCROOT}/Pods/Target Support Files/Pods-InfiniteMonkeysApp/Pods-InfiniteMonkeysApp-resources.sh\"\n";
			showEnvVarsInLog = 0;
		};
		8FA4DC2D132FA3423604085E /* [CP] Check Pods Manifest.lock */ = {
			isa = PBXShellScriptBuildPhase;
			buildActionMask = 2147483647;
			files = (
			);
			inputPaths = (
			);
			name = "[CP] Check Pods Manifest.lock";
			outputPaths = (
			);
			runOnlyForDeploymentPostprocessing = 0;
			shellPath = /bin/sh;
			shellScript = "diff \"${PODS_ROOT}/../Podfile.lock\" \"${PODS_ROOT}/Manifest.lock\" > /dev/null\nif [[ $? != 0 ]] ; then\n    cat << EOM\nerror: The sandbox is not in sync with the Podfile.lock. Run 'pod install' or update your CocoaPods installation.\nEOM\n    exit 1\nfi\n";
			showEnvVarsInLog = 0;
		};
/* End PBXShellScriptBuildPhase section */

/* Begin PBXSourcesBuildPhase section */
		6D014FC21D3134ED00425449 /* Sources */ = {
			isa = PBXSourcesBuildPhase;
			buildActionMask = 2147483647;
			files = (
				A9F9A6991D31DD200055D307 /* NetworkBuilder.swift in Sources */,
				6D014FCB1D3134ED00425449 /* ViewController.swift in Sources */,
				6D014FDA1D31359200425449 /* Poet.swift in Sources */,
				6D014FC91D3134ED00425449 /* AppDelegate.swift in Sources */,
			);
			runOnlyForDeploymentPostprocessing = 0;
		};
		6DFCB3CD1D26974A00FC5458 /* Sources */ = {
			isa = PBXSourcesBuildPhase;
			buildActionMask = 2147483647;
			files = (
				A9F9A6981D31DD200055D307 /* NetworkBuilder.swift in Sources */,
				6DFCB3D71D26974A00FC5458 /* ViewController.swift in Sources */,
				6D014FD91D31359200425449 /* Poet.swift in Sources */,
				6DFCB3D51D26974A00FC5458 /* AppDelegate.swift in Sources */,
			);
			runOnlyForDeploymentPostprocessing = 0;
		};
/* End PBXSourcesBuildPhase section */

/* Begin PBXVariantGroup section */
		6D014FCC1D3134ED00425449 /* Main.storyboard */ = {
			isa = PBXVariantGroup;
			children = (
				6D014FCD1D3134ED00425449 /* Base */,
			);
			name = Main.storyboard;
			sourceTree = "<group>";
		};
		6D014FD11D3134ED00425449 /* LaunchScreen.storyboard */ = {
			isa = PBXVariantGroup;
			children = (
				6D014FD21D3134ED00425449 /* Base */,
			);
			name = LaunchScreen.storyboard;
			sourceTree = "<group>";
		};
		6DFCB3DA1D26974A00FC5458 /* Main.storyboard */ = {
			isa = PBXVariantGroup;
			children = (
				6DFCB3DB1D26974A00FC5458 /* Base */,
			);
			name = Main.storyboard;
			sourceTree = "<group>";
		};
/* End PBXVariantGroup section */

/* Begin XCBuildConfiguration section */
		6D014FD61D3134ED00425449 /* Debug */ = {
			isa = XCBuildConfiguration;
			baseConfigurationReference = F2CC46AD50193815333D0D4B /* Pods-InfiniteMonkeysApp.debug.xcconfig */;
			buildSettings = {
				ASSETCATALOG_COMPILER_APPICON_NAME = AppIcon;
				"CODE_SIGN_IDENTITY[sdk=iphoneos*]" = "iPhone Developer";
				INFOPLIST_FILE = InfiniteMonkeysApp/Info.plist;
				IPHONEOS_DEPLOYMENT_TARGET = 9.3;
				LD_RUNPATH_SEARCH_PATHS = "$(inherited) @executable_path/Frameworks";
				PRODUCT_BUNDLE_IDENTIFIER = com.handform.InfiniteMonkeysApp;
				PRODUCT_NAME = "$(TARGET_NAME)";
				SDKROOT = iphoneos;
				TARGETED_DEVICE_FAMILY = "1,2";
			};
			name = Debug;
		};
		6D014FD71D3134ED00425449 /* Release */ = {
			isa = XCBuildConfiguration;
			baseConfigurationReference = D617FBF0F88CB3383903B13F /* Pods-InfiniteMonkeysApp.release.xcconfig */;
			buildSettings = {
				ASSETCATALOG_COMPILER_APPICON_NAME = AppIcon;
				"CODE_SIGN_IDENTITY[sdk=iphoneos*]" = "iPhone Developer";
				INFOPLIST_FILE = InfiniteMonkeysApp/Info.plist;
				IPHONEOS_DEPLOYMENT_TARGET = 9.3;
				LD_RUNPATH_SEARCH_PATHS = "$(inherited) @executable_path/Frameworks";
				PRODUCT_BUNDLE_IDENTIFIER = com.handform.InfiniteMonkeysApp;
				PRODUCT_NAME = "$(TARGET_NAME)";
				SDKROOT = iphoneos;
				TARGETED_DEVICE_FAMILY = "1,2";
				VALIDATE_PRODUCT = YES;
			};
			name = Release;
		};
		6DFCB3DE1D26974A00FC5458 /* Debug */ = {
			isa = XCBuildConfiguration;
			buildSettings = {
				ALWAYS_SEARCH_USER_PATHS = NO;
				CLANG_ANALYZER_NONNULL = YES;
				CLANG_CXX_LANGUAGE_STANDARD = "gnu++0x";
				CLANG_CXX_LIBRARY = "libc++";
				CLANG_ENABLE_MODULES = YES;
				CLANG_ENABLE_OBJC_ARC = YES;
				CLANG_WARN_BOOL_CONVERSION = YES;
				CLANG_WARN_CONSTANT_CONVERSION = YES;
				CLANG_WARN_DIRECT_OBJC_ISA_USAGE = YES_ERROR;
				CLANG_WARN_EMPTY_BODY = YES;
				CLANG_WARN_ENUM_CONVERSION = YES;
				CLANG_WARN_INT_CONVERSION = YES;
				CLANG_WARN_OBJC_ROOT_CLASS = YES_ERROR;
				CLANG_WARN_UNREACHABLE_CODE = YES;
				CLANG_WARN__DUPLICATE_METHOD_MATCH = YES;
				CODE_SIGN_IDENTITY = "-";
				COPY_PHASE_STRIP = NO;
				DEBUG_INFORMATION_FORMAT = dwarf;
				ENABLE_STRICT_OBJC_MSGSEND = YES;
				ENABLE_TESTABILITY = YES;
				GCC_C_LANGUAGE_STANDARD = gnu99;
				GCC_DYNAMIC_NO_PIC = NO;
				GCC_NO_COMMON_BLOCKS = YES;
				GCC_OPTIMIZATION_LEVEL = 0;
				GCC_PREPROCESSOR_DEFINITIONS = (
					"DEBUG=1",
					"$(inherited)",
				);
				GCC_WARN_64_TO_32_BIT_CONVERSION = YES;
				GCC_WARN_ABOUT_RETURN_TYPE = YES_ERROR;
				GCC_WARN_UNDECLARED_SELECTOR = YES;
				GCC_WARN_UNINITIALIZED_AUTOS = YES_AGGRESSIVE;
				GCC_WARN_UNUSED_FUNCTION = YES;
				GCC_WARN_UNUSED_VARIABLE = YES;
				MACOSX_DEPLOYMENT_TARGET = 10.11;
				MTL_ENABLE_DEBUG_INFO = YES;
				ONLY_ACTIVE_ARCH = YES;
				SDKROOT = macosx;
				SWIFT_OPTIMIZATION_LEVEL = "-Onone";
			};
			name = Debug;
		};
		6DFCB3DF1D26974A00FC5458 /* Release */ = {
			isa = XCBuildConfiguration;
			buildSettings = {
				ALWAYS_SEARCH_USER_PATHS = NO;
				CLANG_ANALYZER_NONNULL = YES;
				CLANG_CXX_LANGUAGE_STANDARD = "gnu++0x";
				CLANG_CXX_LIBRARY = "libc++";
				CLANG_ENABLE_MODULES = YES;
				CLANG_ENABLE_OBJC_ARC = YES;
				CLANG_WARN_BOOL_CONVERSION = YES;
				CLANG_WARN_CONSTANT_CONVERSION = YES;
				CLANG_WARN_DIRECT_OBJC_ISA_USAGE = YES_ERROR;
				CLANG_WARN_EMPTY_BODY = YES;
				CLANG_WARN_ENUM_CONVERSION = YES;
				CLANG_WARN_INT_CONVERSION = YES;
				CLANG_WARN_OBJC_ROOT_CLASS = YES_ERROR;
				CLANG_WARN_UNREACHABLE_CODE = YES;
				CLANG_WARN__DUPLICATE_METHOD_MATCH = YES;
				CODE_SIGN_IDENTITY = "-";
				COPY_PHASE_STRIP = NO;
				DEBUG_INFORMATION_FORMAT = "dwarf-with-dsym";
				ENABLE_NS_ASSERTIONS = NO;
				ENABLE_STRICT_OBJC_MSGSEND = YES;
				GCC_C_LANGUAGE_STANDARD = gnu99;
				GCC_NO_COMMON_BLOCKS = YES;
				GCC_WARN_64_TO_32_BIT_CONVERSION = YES;
				GCC_WARN_ABOUT_RETURN_TYPE = YES_ERROR;
				GCC_WARN_UNDECLARED_SELECTOR = YES;
				GCC_WARN_UNINITIALIZED_AUTOS = YES_AGGRESSIVE;
				GCC_WARN_UNUSED_FUNCTION = YES;
				GCC_WARN_UNUSED_VARIABLE = YES;
				MACOSX_DEPLOYMENT_TARGET = 10.11;
				MTL_ENABLE_DEBUG_INFO = NO;
				SDKROOT = macosx;
			};
			name = Release;
		};
		6DFCB3E11D26974A00FC5458 /* Debug */ = {
			isa = XCBuildConfiguration;
			baseConfigurationReference = 55B5FB370C546970D94E5F35 /* Pods-InfiniteMonkeys.debug.xcconfig */;
			buildSettings = {
				ASSETCATALOG_COMPILER_APPICON_NAME = AppIcon;
				COMBINE_HIDPI_IMAGES = YES;
				FRAMEWORK_SEARCH_PATHS = (
					"$(inherited)",
					"$(PROJECT_DIR)/Frameworks",
				);
				INFOPLIST_FILE = InfiniteMonkeys/Info.plist;
				LD_RUNPATH_SEARCH_PATHS = "$(inherited) @executable_path/../Frameworks";
				PRODUCT_BUNDLE_IDENTIFIER = com.handform.InfiniteMonkeys;
				PRODUCT_NAME = "$(TARGET_NAME)";
			};
			name = Debug;
		};
		6DFCB3E21D26974A00FC5458 /* Release */ = {
			isa = XCBuildConfiguration;
			baseConfigurationReference = DFCE90F2E19BF17F9C6BA8BA /* Pods-InfiniteMonkeys.release.xcconfig */;
			buildSettings = {
				ASSETCATALOG_COMPILER_APPICON_NAME = AppIcon;
				COMBINE_HIDPI_IMAGES = YES;
				FRAMEWORK_SEARCH_PATHS = (
					"$(inherited)",
					"$(PROJECT_DIR)/Frameworks",
				);
				INFOPLIST_FILE = InfiniteMonkeys/Info.plist;
				LD_RUNPATH_SEARCH_PATHS = "$(inherited) @executable_path/../Frameworks";
				PRODUCT_BUNDLE_IDENTIFIER = com.handform.InfiniteMonkeys;
				PRODUCT_NAME = "$(TARGET_NAME)";
			};
			name = Release;
		};
/* End XCBuildConfiguration section */

/* Begin XCConfigurationList section */
		6D014FD51D3134ED00425449 /* Build configuration list for PBXNativeTarget "InfiniteMonkeysApp" */ = {
			isa = XCConfigurationList;
			buildConfigurations = (
				6D014FD61D3134ED00425449 /* Debug */,
				6D014FD71D3134ED00425449 /* Release */,
			);
			defaultConfigurationIsVisible = 0;
			defaultConfigurationName = Release;
		};
		6DFCB3CC1D26974A00FC5458 /* Build configuration list for PBXProject "InfiniteMonkeys" */ = {
			isa = XCConfigurationList;
			buildConfigurations = (
				6DFCB3DE1D26974A00FC5458 /* Debug */,
				6DFCB3DF1D26974A00FC5458 /* Release */,
			);
			defaultConfigurationIsVisible = 0;
			defaultConfigurationName = Release;
		};
		6DFCB3E01D26974A00FC5458 /* Build configuration list for PBXNativeTarget "InfiniteMonkeys" */ = {
			isa = XCConfigurationList;
			buildConfigurations = (
				6DFCB3E11D26974A00FC5458 /* Debug */,
				6DFCB3E21D26974A00FC5458 /* Release */,
			);
			defaultConfigurationIsVisible = 0;
			defaultConfigurationName = Release;
		};
/* End XCConfigurationList section */
	};
	rootObject = 6DFCB3C91D26974A00FC5458 /* Project object */;
}
