// !$*UTF8*$!
{
	archiveVersion = 1;
	classes = {
	};
	objectVersion = 46;
	objects = {

/* Begin PBXBuildFile section */
		6DFCB3D51D26974A00FC5458 /* AppDelegate.swift in Sources */ = {isa = PBXBuildFile; fileRef = 6DFCB3D41D26974A00FC5458 /* AppDelegate.swift */; };
		6DFCB3D71D26974A00FC5458 /* ViewController.swift in Sources */ = {isa = PBXBuildFile; fileRef = 6DFCB3D61D26974A00FC5458 /* ViewController.swift */; };
		6DFCB3D91D26974A00FC5458 /* Assets.xcassets in Resources */ = {isa = PBXBuildFile; fileRef = 6DFCB3D81D26974A00FC5458 /* Assets.xcassets */; };
		6DFCB3DC1D26974A00FC5458 /* Main.storyboard in Resources */ = {isa = PBXBuildFile; fileRef = 6DFCB3DA1D26974A00FC5458 /* Main.storyboard */; };
		6DFCB3E61D26976700FC5458 /* BrainCore.framework in Frameworks */ = {isa = PBXBuildFile; fileRef = 6DFCB3E41D26976700FC5458 /* BrainCore.framework */; };
		6DFCB3E71D26976700FC5458 /* Upsurge.framework in Frameworks */ = {isa = PBXBuildFile; fileRef = 6DFCB3E51D26976700FC5458 /* Upsurge.framework */; };
		6DFCB3E81D26976C00FC5458 /* BrainCore.framework in Frameworks */ = {isa = PBXBuildFile; fileRef = 6DFCB3E41D26976700FC5458 /* BrainCore.framework */; };
		6DFCB3E91D26976C00FC5458 /* BrainCore.framework in Embed Frameworks */ = {isa = PBXBuildFile; fileRef = 6DFCB3E41D26976700FC5458 /* BrainCore.framework */; settings = {ATTRIBUTES = (CodeSignOnCopy, RemoveHeadersOnCopy, ); }; };
		6DFCB3EA1D26976C00FC5458 /* Upsurge.framework in Frameworks */ = {isa = PBXBuildFile; fileRef = 6DFCB3E51D26976700FC5458 /* Upsurge.framework */; };
		6DFCB3EB1D26976C00FC5458 /* Upsurge.framework in Embed Frameworks */ = {isa = PBXBuildFile; fileRef = 6DFCB3E51D26976700FC5458 /* Upsurge.framework */; settings = {ATTRIBUTES = (CodeSignOnCopy, RemoveHeadersOnCopy, ); }; };
		6DFCB3EE1D26987200FC5458 /* lstm_text_generation_weights.h5 in Resources */ = {isa = PBXBuildFile; fileRef = 6DFCB3ED1D26987200FC5458 /* lstm_text_generation_weights.h5 */; };
		6DFCB3F01D2698EE00FC5458 /* HDF5Kit.framework in Frameworks */ = {isa = PBXBuildFile; fileRef = 6DFCB3EF1D2698EE00FC5458 /* HDF5Kit.framework */; };
		6DFCB3F11D2698F400FC5458 /* HDF5Kit.framework in Frameworks */ = {isa = PBXBuildFile; fileRef = 6DFCB3EF1D2698EE00FC5458 /* HDF5Kit.framework */; };
		6DFCB3F21D2698F400FC5458 /* HDF5Kit.framework in Embed Frameworks */ = {isa = PBXBuildFile; fileRef = 6DFCB3EF1D2698EE00FC5458 /* HDF5Kit.framework */; settings = {ATTRIBUTES = (CodeSignOnCopy, RemoveHeadersOnCopy, ); }; };
		6DFCB3F61D2719B400FC5458 /* Poet.swift in Sources */ = {isa = PBXBuildFile; fileRef = 6DFCB3F51D2719B400FC5458 /* Poet.swift */; };
/* End PBXBuildFile section */

/* Begin PBXCopyFilesBuildPhase section */
		6DFCB3EC1D26976C00FC5458 /* Embed Frameworks */ = {
			isa = PBXCopyFilesBuildPhase;
			buildActionMask = 2147483647;
			dstPath = "";
			dstSubfolderSpec = 10;
			files = (
				6DFCB3EB1D26976C00FC5458 /* Upsurge.framework in Embed Frameworks */,
				6DFCB3F21D2698F400FC5458 /* HDF5Kit.framework in Embed Frameworks */,
				6DFCB3E91D26976C00FC5458 /* BrainCore.framework in Embed Frameworks */,
			);
			name = "Embed Frameworks";
			runOnlyForDeploymentPostprocessing = 0;
		};
/* End PBXCopyFilesBuildPhase section */

/* Begin PBXFileReference section */
		6DFCB3D11D26974A00FC5458 /* InfiniteMonkeys.app */ = {isa = PBXFileReference; explicitFileType = wrapper.application; includeInIndex = 0; path = InfiniteMonkeys.app; sourceTree = BUILT_PRODUCTS_DIR; };
		6DFCB3D41D26974A00FC5458 /* AppDelegate.swift */ = {isa = PBXFileReference; lastKnownFileType = sourcecode.swift; path = AppDelegate.swift; sourceTree = "<group>"; };
		6DFCB3D61D26974A00FC5458 /* ViewController.swift */ = {isa = PBXFileReference; lastKnownFileType = sourcecode.swift; path = ViewController.swift; sourceTree = "<group>"; };
		6DFCB3D81D26974A00FC5458 /* Assets.xcassets */ = {isa = PBXFileReference; lastKnownFileType = folder.assetcatalog; path = Assets.xcassets; sourceTree = "<group>"; };
		6DFCB3DB1D26974A00FC5458 /* Base */ = {isa = PBXFileReference; lastKnownFileType = file.storyboard; name = Base; path = Base.lproj/Main.storyboard; sourceTree = "<group>"; };
		6DFCB3DD1D26974A00FC5458 /* Info.plist */ = {isa = PBXFileReference; lastKnownFileType = text.plist.xml; path = Info.plist; sourceTree = "<group>"; };
		6DFCB3E41D26976700FC5458 /* BrainCore.framework */ = {isa = PBXFileReference; lastKnownFileType = wrapper.framework; path = BrainCore.framework; sourceTree = "<group>"; };
		6DFCB3E51D26976700FC5458 /* Upsurge.framework */ = {isa = PBXFileReference; lastKnownFileType = wrapper.framework; path = Upsurge.framework; sourceTree = "<group>"; };
		6DFCB3ED1D26987200FC5458 /* lstm_text_generation_weights.h5 */ = {isa = PBXFileReference; lastKnownFileType = file; path = lstm_text_generation_weights.h5; sourceTree = "<group>"; };
		6DFCB3EF1D2698EE00FC5458 /* HDF5Kit.framework */ = {isa = PBXFileReference; lastKnownFileType = wrapper.framework; path = HDF5Kit.framework; sourceTree = "<group>"; };
		6DFCB3F51D2719B400FC5458 /* Poet.swift */ = {isa = PBXFileReference; fileEncoding = 4; lastKnownFileType = sourcecode.swift; path = Poet.swift; sourceTree = "<group>"; };
/* End PBXFileReference section */

/* Begin PBXFrameworksBuildPhase section */
		6DFCB3CE1D26974A00FC5458 /* Frameworks */ = {
			isa = PBXFrameworksBuildPhase;
			buildActionMask = 2147483647;
			files = (
				6DFCB3EA1D26976C00FC5458 /* Upsurge.framework in Frameworks */,
				6DFCB3E81D26976C00FC5458 /* BrainCore.framework in Frameworks */,
				6DFCB3E71D26976700FC5458 /* Upsurge.framework in Frameworks */,
				6DFCB3E61D26976700FC5458 /* BrainCore.framework in Frameworks */,
				6DFCB3F11D2698F400FC5458 /* HDF5Kit.framework in Frameworks */,
				6DFCB3F01D2698EE00FC5458 /* HDF5Kit.framework in Frameworks */,
			);
			runOnlyForDeploymentPostprocessing = 0;
		};
/* End PBXFrameworksBuildPhase section */

/* Begin PBXGroup section */
		6DFCB3C81D26974A00FC5458 = {
			isa = PBXGroup;
			children = (
				6DFCB3E31D26976700FC5458 /* Frameworks */,
				6DFCB3D31D26974A00FC5458 /* InfiniteMonkeys */,
				6DFCB3D21D26974A00FC5458 /* Products */,
			);
			sourceTree = "<group>";
		};
		6DFCB3D21D26974A00FC5458 /* Products */ = {
			isa = PBXGroup;
			children = (
				6DFCB3D11D26974A00FC5458 /* InfiniteMonkeys.app */,
			);
			name = Products;
			sourceTree = "<group>";
		};
		6DFCB3D31D26974A00FC5458 /* InfiniteMonkeys */ = {
			isa = PBXGroup;
			children = (
				6DFCB3F51D2719B400FC5458 /* Poet.swift */,
				6DFCB3D41D26974A00FC5458 /* AppDelegate.swift */,
				6DFCB3D61D26974A00FC5458 /* ViewController.swift */,
				6DFCB3D81D26974A00FC5458 /* Assets.xcassets */,
				6DFCB3ED1D26987200FC5458 /* lstm_text_generation_weights.h5 */,
				6DFCB3DA1D26974A00FC5458 /* Main.storyboard */,
				6DFCB3DD1D26974A00FC5458 /* Info.plist */,
			);
			path = InfiniteMonkeys;
			sourceTree = "<group>";
		};
		6DFCB3E31D26976700FC5458 /* Frameworks */ = {
			isa = PBXGroup;
			children = (
				6DFCB3EF1D2698EE00FC5458 /* HDF5Kit.framework */,
				6DFCB3E41D26976700FC5458 /* BrainCore.framework */,
				6DFCB3E51D26976700FC5458 /* Upsurge.framework */,
			);
			path = Frameworks;
			sourceTree = "<group>";
		};
/* End PBXGroup section */

/* Begin PBXNativeTarget section */
		6DFCB3D01D26974A00FC5458 /* InfiniteMonkeys */ = {
			isa = PBXNativeTarget;
			buildConfigurationList = 6DFCB3E01D26974A00FC5458 /* Build configuration list for PBXNativeTarget "InfiniteMonkeys" */;
			buildPhases = (
				6DFCB3CD1D26974A00FC5458 /* Sources */,
				6DFCB3CE1D26974A00FC5458 /* Frameworks */,
				6DFCB3CF1D26974A00FC5458 /* Resources */,
				6DFCB3EC1D26976C00FC5458 /* Embed Frameworks */,
			);
			buildRules = (
			);
			dependencies = (
			);
			name = InfiniteMonkeys;
			productName = InfiniteMonkeys;
			productReference = 6DFCB3D11D26974A00FC5458 /* InfiniteMonkeys.app */;
			productType = "com.apple.product-type.application";
		};
/* End PBXNativeTarget section */

/* Begin PBXProject section */
		6DFCB3C91D26974A00FC5458 /* Project object */ = {
			isa = PBXProject;
			attributes = {
				LastSwiftUpdateCheck = 0730;
				LastUpgradeCheck = 0730;
				ORGANIZATIONNAME = handform;
				TargetAttributes = {
					6DFCB3D01D26974A00FC5458 = {
						CreatedOnToolsVersion = 7.3.1;
					};
				};
			};
			buildConfigurationList = 6DFCB3CC1D26974A00FC5458 /* Build configuration list for PBXProject "InfiniteMonkeys" */;
			compatibilityVersion = "Xcode 3.2";
			developmentRegion = English;
			hasScannedForEncodings = 0;
			knownRegions = (
				en,
				Base,
			);
			mainGroup = 6DFCB3C81D26974A00FC5458;
			productRefGroup = 6DFCB3D21D26974A00FC5458 /* Products */;
			projectDirPath = "";
			projectRoot = "";
			targets = (
				6DFCB3D01D26974A00FC5458 /* InfiniteMonkeys */,
			);
		};
/* End PBXProject section */

/* Begin PBXResourcesBuildPhase section */
		6DFCB3CF1D26974A00FC5458 /* Resources */ = {
			isa = PBXResourcesBuildPhase;
			buildActionMask = 2147483647;
			files = (
				6DFCB3D91D26974A00FC5458 /* Assets.xcassets in Resources */,
				6DFCB3EE1D26987200FC5458 /* lstm_text_generation_weights.h5 in Resources */,
				6DFCB3DC1D26974A00FC5458 /* Main.storyboard in Resources */,
			);
			runOnlyForDeploymentPostprocessing = 0;
		};
/* End PBXResourcesBuildPhase section */

/* Begin PBXSourcesBuildPhase section */
		6DFCB3CD1D26974A00FC5458 /* Sources */ = {
			isa = PBXSourcesBuildPhase;
			buildActionMask = 2147483647;
			files = (
				6DFCB3D71D26974A00FC5458 /* ViewController.swift in Sources */,
				6DFCB3F61D2719B400FC5458 /* Poet.swift in Sources */,
				6DFCB3D51D26974A00FC5458 /* AppDelegate.swift in Sources */,
			);
			runOnlyForDeploymentPostprocessing = 0;
		};
/* End PBXSourcesBuildPhase section */

/* Begin PBXVariantGroup section */
		6DFCB3DA1D26974A00FC5458 /* Main.storyboard */ = {
			isa = PBXVariantGroup;
			children = (
				6DFCB3DB1D26974A00FC5458 /* Base */,
			);
			name = Main.storyboard;
			sourceTree = "<group>";
		};
/* End PBXVariantGroup section */

/* Begin XCBuildConfiguration section */
		6DFCB3DE1D26974A00FC5458 /* Debug */ = {
			isa = XCBuildConfiguration;
			buildSettings = {
				ALWAYS_SEARCH_USER_PATHS = NO;
				CLANG_ANALYZER_NONNULL = YES;
				CLANG_CXX_LANGUAGE_STANDARD = "gnu++0x";
				CLANG_CXX_LIBRARY = "libc++";
				CLANG_ENABLE_MODULES = YES;
				CLANG_ENABLE_OBJC_ARC = YES;
				CLANG_WARN_BOOL_CONVERSION = YES;
				CLANG_WARN_CONSTANT_CONVERSION = YES;
				CLANG_WARN_DIRECT_OBJC_ISA_USAGE = YES_ERROR;
				CLANG_WARN_EMPTY_BODY = YES;
				CLANG_WARN_ENUM_CONVERSION = YES;
				CLANG_WARN_INT_CONVERSION = YES;
				CLANG_WARN_OBJC_ROOT_CLASS = YES_ERROR;
				CLANG_WARN_UNREACHABLE_CODE = YES;
				CLANG_WARN__DUPLICATE_METHOD_MATCH = YES;
				CODE_SIGN_IDENTITY = "-";
				COPY_PHASE_STRIP = NO;
				DEBUG_INFORMATION_FORMAT = dwarf;
				ENABLE_STRICT_OBJC_MSGSEND = YES;
				ENABLE_TESTABILITY = YES;
				GCC_C_LANGUAGE_STANDARD = gnu99;
				GCC_DYNAMIC_NO_PIC = NO;
				GCC_NO_COMMON_BLOCKS = YES;
				GCC_OPTIMIZATION_LEVEL = 0;
				GCC_PREPROCESSOR_DEFINITIONS = (
					"DEBUG=1",
					"$(inherited)",
				);
				GCC_WARN_64_TO_32_BIT_CONVERSION = YES;
				GCC_WARN_ABOUT_RETURN_TYPE = YES_ERROR;
				GCC_WARN_UNDECLARED_SELECTOR = YES;
				GCC_WARN_UNINITIALIZED_AUTOS = YES_AGGRESSIVE;
				GCC_WARN_UNUSED_FUNCTION = YES;
				GCC_WARN_UNUSED_VARIABLE = YES;
				MACOSX_DEPLOYMENT_TARGET = 10.11;
				MTL_ENABLE_DEBUG_INFO = YES;
				ONLY_ACTIVE_ARCH = YES;
				SDKROOT = macosx;
				SWIFT_OPTIMIZATION_LEVEL = "-Onone";
			};
			name = Debug;
		};
		6DFCB3DF1D26974A00FC5458 /* Release */ = {
			isa = XCBuildConfiguration;
			buildSettings = {
				ALWAYS_SEARCH_USER_PATHS = NO;
				CLANG_ANALYZER_NONNULL = YES;
				CLANG_CXX_LANGUAGE_STANDARD = "gnu++0x";
				CLANG_CXX_LIBRARY = "libc++";
				CLANG_ENABLE_MODULES = YES;
				CLANG_ENABLE_OBJC_ARC = YES;
				CLANG_WARN_BOOL_CONVERSION = YES;
				CLANG_WARN_CONSTANT_CONVERSION = YES;
				CLANG_WARN_DIRECT_OBJC_ISA_USAGE = YES_ERROR;
				CLANG_WARN_EMPTY_BODY = YES;
				CLANG_WARN_ENUM_CONVERSION = YES;
				CLANG_WARN_INT_CONVERSION = YES;
				CLANG_WARN_OBJC_ROOT_CLASS = YES_ERROR;
				CLANG_WARN_UNREACHABLE_CODE = YES;
				CLANG_WARN__DUPLICATE_METHOD_MATCH = YES;
				CODE_SIGN_IDENTITY = "-";
				COPY_PHASE_STRIP = NO;
				DEBUG_INFORMATION_FORMAT = "dwarf-with-dsym";
				ENABLE_NS_ASSERTIONS = NO;
				ENABLE_STRICT_OBJC_MSGSEND = YES;
				GCC_C_LANGUAGE_STANDARD = gnu99;
				GCC_NO_COMMON_BLOCKS = YES;
				GCC_WARN_64_TO_32_BIT_CONVERSION = YES;
				GCC_WARN_ABOUT_RETURN_TYPE = YES_ERROR;
				GCC_WARN_UNDECLARED_SELECTOR = YES;
				GCC_WARN_UNINITIALIZED_AUTOS = YES_AGGRESSIVE;
				GCC_WARN_UNUSED_FUNCTION = YES;
				GCC_WARN_UNUSED_VARIABLE = YES;
				MACOSX_DEPLOYMENT_TARGET = 10.11;
				MTL_ENABLE_DEBUG_INFO = NO;
				SDKROOT = macosx;
			};
			name = Release;
		};
		6DFCB3E11D26974A00FC5458 /* Debug */ = {
			isa = XCBuildConfiguration;
			buildSettings = {
				ASSETCATALOG_COMPILER_APPICON_NAME = AppIcon;
				COMBINE_HIDPI_IMAGES = YES;
				FRAMEWORK_SEARCH_PATHS = (
					"$(inherited)",
					"$(PROJECT_DIR)/Frameworks",
				);
				INFOPLIST_FILE = InfiniteMonkeys/Info.plist;
				LD_RUNPATH_SEARCH_PATHS = "$(inherited) @executable_path/../Frameworks";
				PRODUCT_BUNDLE_IDENTIFIER = com.handform.InfiniteMonkeys;
				PRODUCT_NAME = "$(TARGET_NAME)";
			};
			name = Debug;
		};
		6DFCB3E21D26974A00FC5458 /* Release */ = {
			isa = XCBuildConfiguration;
			buildSettings = {
				ASSETCATALOG_COMPILER_APPICON_NAME = AppIcon;
				COMBINE_HIDPI_IMAGES = YES;
				FRAMEWORK_SEARCH_PATHS = (
					"$(inherited)",
					"$(PROJECT_DIR)/Frameworks",
				);
				INFOPLIST_FILE = InfiniteMonkeys/Info.plist;
				LD_RUNPATH_SEARCH_PATHS = "$(inherited) @executable_path/../Frameworks";
				PRODUCT_BUNDLE_IDENTIFIER = com.handform.InfiniteMonkeys;
				PRODUCT_NAME = "$(TARGET_NAME)";
			};
			name = Release;
		};
/* End XCBuildConfiguration section */

/* Begin XCConfigurationList section */
		6DFCB3CC1D26974A00FC5458 /* Build configuration list for PBXProject "InfiniteMonkeys" */ = {
			isa = XCConfigurationList;
			buildConfigurations = (
				6DFCB3DE1D26974A00FC5458 /* Debug */,
				6DFCB3DF1D26974A00FC5458 /* Release */,
			);
			defaultConfigurationIsVisible = 0;
			defaultConfigurationName = Release;
		};
		6DFCB3E01D26974A00FC5458 /* Build configuration list for PBXNativeTarget "InfiniteMonkeys" */ = {
			isa = XCConfigurationList;
			buildConfigurations = (
				6DFCB3E11D26974A00FC5458 /* Debug */,
				6DFCB3E21D26974A00FC5458 /* Release */,
			);
			defaultConfigurationIsVisible = 0;
			defaultConfigurationName = Release;
		};
/* End XCConfigurationList section */
	};
	rootObject = 6DFCB3C91D26974A00FC5458 /* Project object */;
}
